
Microsoft Visual Studio Solution File, Format Version 12.00
# Visual Studio Version 16
VisualStudioVersion = 16.0.29728.190
MinimumVisualStudioVersion = 10.0.40219.1
Project("{FAE04EC0-301F-11D3-BF4B-00C04F79EFBC}") = "WpfApp2", "WpfApp2.csproj", "{4B94F8FE-3B69-4ACA-866E-D675EA0AEDE0}"
EndProject
Project("{C7167F0D-BC9F-4E6E-AFE1-012C56B48DB5}") = "Calculator_Packaging", "..\Calculator_Packaging\Calculator_Packaging.wapproj", "{B073902F-D326-49CE-B1B1-328750C5D594}"
EndProject
Global
	GlobalSection(SolutionConfigurationPlatforms) = preSolution
		Debug|Any CPU = Debug|Any CPU
		Debug|ARM = Debug|ARM
		Debug|ARM64 = Debug|ARM64
		Debug|x64 = Debug|x64
		Debug|x86 = Debug|x86
		Release|Any CPU = Release|Any CPU
		Release|ARM = Release|ARM
		Release|ARM64 = Release|ARM64
		Release|x64 = Release|x64
		Release|x86 = Release|x86
	EndGlobalSection
	GlobalSection(ProjectConfigurationPlatforms) = postSolution
		{4B94F8FE-3B69-4ACA-866E-D675EA0AEDE0}.Debug|Any CPU.ActiveCfg = Debug|Any CPU
		{4B94F8FE-3B69-4ACA-866E-D675EA0AEDE0}.Debug|Any CPU.Build.0 = Debug|Any CPU
		{4B94F8FE-3B69-4ACA-866E-D675EA0AEDE0}.Debug|ARM.ActiveCfg = Debug|Any CPU
		{4B94F8FE-3B69-4ACA-866E-D675EA0AEDE0}.Debug|ARM.Build.0 = Debug|Any CPU
		{4B94F8FE-3B69-4ACA-866E-D675EA0AEDE0}.Debug|ARM64.ActiveCfg = Debug|Any CPU
		{4B94F8FE-3B69-4ACA-866E-D675EA0AEDE0}.Debug|ARM64.Build.0 = Debug|Any CPU
		{4B94F8FE-3B69-4ACA-866E-D675EA0AEDE0}.Debug|x64.ActiveCfg = Debug|Any CPU
		{4B94F8FE-3B69-4ACA-866E-D675EA0AEDE0}.Debug|x64.Build.0 = Debug|Any CPU
		{4B94F8FE-3B69-4ACA-866E-D675EA0AEDE0}.Debug|x86.ActiveCfg = Debug|Any CPU
		{4B94F8FE-3B69-4ACA-866E-D675EA0AEDE0}.Debug|x86.Build.0 = Debug|Any CPU
		{4B94F8FE-3B69-4ACA-866E-D675EA0AEDE0}.Release|Any CPU.ActiveCfg = Release|Any CPU
		{4B94F8FE-3B69-4ACA-866E-D675EA0AEDE0}.Release|Any CPU.Build.0 = Release|Any CPU
		{4B94F8FE-3B69-4ACA-866E-D675EA0AEDE0}.Release|ARM.ActiveCfg = Release|Any CPU
		{4B94F8FE-3B69-4ACA-866E-D675EA0AEDE0}.Release|ARM.Build.0 = Release|Any CPU
		{4B94F8FE-3B69-4ACA-866E-D675EA0AEDE0}.Release|ARM64.ActiveCfg = Release|Any CPU
		{4B94F8FE-3B69-4ACA-866E-D675EA0AEDE0}.Release|ARM64.Build.0 = Release|Any CPU
		{4B94F8FE-3B69-4ACA-866E-D675EA0AEDE0}.Release|x64.ActiveCfg = Release|Any CPU
		{4B94F8FE-3B69-4ACA-866E-D675EA0AEDE0}.Release|x64.Build.0 = Release|Any CPU
		{4B94F8FE-3B69-4ACA-866E-D675EA0AEDE0}.Release|x86.ActiveCfg = Release|Any CPU
		{4B94F8FE-3B69-4ACA-866E-D675EA0AEDE0}.Release|x86.Build.0 = Release|Any CPU
		{B073902F-D326-49CE-B1B1-328750C5D594}.Debug|Any CPU.ActiveCfg = Debug|Any CPU
		{B073902F-D326-49CE-B1B1-328750C5D594}.Debug|Any CPU.Build.0 = Debug|Any CPU
		{B073902F-D326-49CE-B1B1-328750C5D594}.Debug|Any CPU.Deploy.0 = Debug|Any CPU
		{B073902F-D326-49CE-B1B1-328750C5D594}.Debug|ARM.ActiveCfg = Debug|ARM
		{B073902F-D326-49CE-B1B1-328750C5D594}.Debug|ARM.Build.0 = Debug|ARM
		{B073902F-D326-49CE-B1B1-328750C5D594}.Debug|ARM.Deploy.0 = Debug|ARM
		{B073902F-D326-49CE-B1B1-328750C5D594}.Debug|ARM64.ActiveCfg = Debug|ARM64
		{B073902F-D326-49CE-B1B1-328750C5D594}.Debug|ARM64.Build.0 = Debug|ARM64
		{B073902F-D326-49CE-B1B1-328750C5D594}.Debug|ARM64.Deploy.0 = Debug|ARM64
		{B073902F-D326-49CE-B1B1-328750C5D594}.Debug|x64.ActiveCfg = Debug|x64
		{B073902F-D326-49CE-B1B1-328750C5D594}.Debug|x64.Build.0 = Debug|x64
		{B073902F-D326-49CE-B1B1-328750C5D594}.Debug|x64.Deploy.0 = Debug|x64
		{B073902F-D326-49CE-B1B1-328750C5D594}.Debug|x86.ActiveCfg = Debug|x86
		{B073902F-D326-49CE-B1B1-328750C5D594}.Debug|x86.Build.0 = Debug|x86
		{B073902F-D326-49CE-B1B1-328750C5D594}.Debug|x86.Deploy.0 = Debug|x86
		{B073902F-D326-49CE-B1B1-328750C5D594}.Release|Any CPU.ActiveCfg = Release|Any CPU
		{B073902F-D326-49CE-B1B1-328750C5D594}.Release|Any CPU.Build.0 = Release|Any CPU
		{B073902F-D326-49CE-B1B1-328750C5D594}.Release|Any CPU.Deploy.0 = Release|Any CPU
		{B073902F-D326-49CE-B1B1-328750C5D594}.Release|ARM.ActiveCfg = Release|ARM
		{B073902F-D326-49CE-B1B1-328750C5D594}.Release|ARM.Build.0 = Release|ARM
		{B073902F-D326-49CE-B1B1-328750C5D594}.Release|ARM.Deploy.0 = Release|ARM
		{B073902F-D326-49CE-B1B1-328750C5D594}.Release|ARM64.ActiveCfg = Release|ARM64
		{B073902F-D326-49CE-B1B1-328750C5D594}.Release|ARM64.Build.0 = Release|ARM64
		{B073902F-D326-49CE-B1B1-328750C5D594}.Release|ARM64.Deploy.0 = Release|ARM64
		{B073902F-D326-49CE-B1B1-328750C5D594}.Release|x64.ActiveCfg = Release|x64
		{B073902F-D326-49CE-B1B1-328750C5D594}.Release|x64.Build.0 = Release|x64
		{B073902F-D326-49CE-B1B1-328750C5D594}.Release|x64.Deploy.0 = Release|x64
		{B073902F-D326-49CE-B1B1-328750C5D594}.Release|x86.ActiveCfg = Release|x86
		{B073902F-D326-49CE-B1B1-328750C5D594}.Release|x86.Build.0 = Release|x86
		{B073902F-D326-49CE-B1B1-328750C5D594}.Release|x86.Deploy.0 = Release|x86
	EndGlobalSection
	GlobalSection(SolutionProperties) = preSolution
		HideSolutionNode = FALSE
	EndGlobalSection
	GlobalSection(ExtensibilityGlobals) = postSolution
		SolutionGuid = {BC5C1752-ECA6-406B-B029-E80BE05186D2}
	EndGlobalSection
EndGlobal
